
Microsoft Visual Studio Solution File, Format Version 12.00
# Visual Studio Version 16
VisualStudioVersion = 16.0.30204.135
MinimumVisualStudioVersion = 10.0.40219.1
Project("{8BC9CEB8-8B4A-11D0-8D11-00A0C91BC942}") = "MyMSToolKitLib", "MyMSToolKitLib\MyMSToolKitLib.vcxproj", "{92BE9513-EB6D-4EEC-822B-E7E13887888C}"
EndProject
Project("{8BC9CEB8-8B4A-11D0-8D11-00A0C91BC942}") = "Demo", "Demo\Demo.vcxproj", "{8CAA41C7-3D28-4F86-BFB3-2B7EF2CF44FB}"
EndProject
Global
	GlobalSection(SolutionConfigurationPlatforms) = preSolution
		Debug|x64 = Debug|x64
		Debug|x86 = Debug|x86
		Release|x64 = Release|x64
		Release|x86 = Release|x86
	EndGlobalSection
	GlobalSection(ProjectConfigurationPlatforms) = postSolution
		{92BE9513-EB6D-4EEC-822B-E7E13887888C}.Debug|x64.ActiveCfg = Debug|x64
		{92BE9513-EB6D-4EEC-822B-E7E13887888C}.Debug|x64.Build.0 = Debug|x64
		{92BE9513-EB6D-4EEC-822B-E7E13887888C}.Debug|x86.ActiveCfg = Debug|Win32
		{92BE9513-EB6D-4EEC-822B-E7E13887888C}.Debug|x86.Build.0 = Debug|Win32
		{92BE9513-EB6D-4EEC-822B-E7E13887888C}.Release|x64.ActiveCfg = Release|x64
		{92BE9513-EB6D-4EEC-822B-E7E13887888C}.Release|x64.Build.0 = Release|x64
		{92BE9513-EB6D-4EEC-822B-E7E13887888C}.Release|x86.ActiveCfg = Release|Win32
		{92BE9513-EB6D-4EEC-822B-E7E13887888C}.Release|x86.Build.0 = Release|Win32
		{8CAA41C7-3D28-4F86-BFB3-2B7EF2CF44FB}.Debug|x64.ActiveCfg = Debug|x64
		{8CAA41C7-3D28-4F86-BFB3-2B7EF2CF44FB}.Debug|x64.Build.0 = Debug|x64
		{8CAA41C7-3D28-4F86-BFB3-2B7EF2CF44FB}.Debug|x86.ActiveCfg = Debug|Win32
		{8CAA41C7-3D28-4F86-BFB3-2B7EF2CF44FB}.Debug|x86.Build.0 = Debug|Win32
		{8CAA41C7-3D28-4F86-BFB3-2B7EF2CF44FB}.Release|x64.ActiveCfg = Release|x64
		{8CAA41C7-3D28-4F86-BFB3-2B7EF2CF44FB}.Release|x64.Build.0 = Release|x64
		{8CAA41C7-3D28-4F86-BFB3-2B7EF2CF44FB}.Release|x86.ActiveCfg = Release|Win32
		{8CAA41C7-3D28-4F86-BFB3-2B7EF2CF44FB}.Release|x86.Build.0 = Release|Win32
	EndGlobalSection
	GlobalSection(SolutionProperties) = preSolution
		HideSolutionNode = FALSE
	EndGlobalSection
	GlobalSection(ExtensibilityGlobals) = postSolution
		SolutionGuid = {1D41D37C-EDB0-4D8A-8577-D84ED9B6DF30}
	EndGlobalSection
EndGlobal
