<?xml version="1.0" encoding="utf-8"?>
<Project ToolsVersion="4.0" xmlns="http://schemas.microsoft.com/developer/msbuild/2003">
  <ItemGroup>
    <Filter Include="源文件">
      <UniqueIdentifier>{4FC737F1-C7A5-4376-A066-2A32D752A2FF}</UniqueIdentifier>
      <Extensions>cpp;c;cc;cxx;c++;def;odl;idl;hpj;bat;asm;asmx</Extensions>
    </Filter>
    <Filter Include="头文件">
      <UniqueIdentifier>{93995380-89BD-4b04-88EB-625FBE52EBFB}</UniqueIdentifier>
      <Extensions>h;hh;hpp;hxx;h++;hm;inl;inc;ipp;xsd</Extensions>
    </Filter>
    <Filter Include="资源文件">
      <UniqueIdentifier>{67DA6AB6-F800-4c08-8B7A-83BB121AAD01}</UniqueIdentifier>
      <Extensions>rc;ico;cur;bmp;dlg;rc2;rct;bin;rgs;gif;jpg;jpeg;jpe;resx;tiff;tif;png;wav;mfcribbon-ms</Extensions>
    </Filter>
  </ItemGroup>
  <ItemGroup>
    <ClCompile Include="demo.cpp">
      <Filter>源文件</Filter>
    </ClCompile>
  </ItemGroup>
  <ItemGroup>
    <ClInclude Include="..\include\CAdditionalSearchParams.h">
      <Filter>头文件</Filter>
    </ClInclude>
    <ClInclude Include="..\include\CAffiliation.h">
      <Filter>头文件</Filter>
    </ClInclude>
    <ClInclude Include="..\include\CAnalysisCollection.h">
      <Filter>头文件</Filter>
    </ClInclude>
    <ClInclude Include="..\include\CAnalysisData.h">
      <Filter>头文件</Filter>
    </ClInclude>
    <ClInclude Include="..\include\CAnalysisParams.h">
      <Filter>头文件</Filter>
    </ClInclude>
    <ClInclude Include="..\include\CAnalysisProtocolCollection.h">
      <Filter>头文件</Filter>
    </ClInclude>
    <ClInclude Include="..\include\CAnalysisSampleCollection.h">
      <Filter>头文件</Filter>
    </ClInclude>
    <ClInclude Include="..\include\CAnalysisSoftware.h">
      <Filter>头文件</Filter>
    </ClInclude>
    <ClInclude Include="..\include\CAnalysisSoftwareList.h">
      <Filter>头文件</Filter>
    </ClInclude>
    <ClInclude Include="..\include\CAuditCollection.h">
      <Filter>头文件</Filter>
    </ClInclude>
    <ClInclude Include="..\include\CBibliographicReference.h">
      <Filter>头文件</Filter>
    </ClInclude>
    <ClInclude Include="..\include\CContactRole.h">
      <Filter>头文件</Filter>
    </ClInclude>
    <ClInclude Include="..\include\CCvList.h">
      <Filter>头文件</Filter>
    </ClInclude>
    <ClInclude Include="..\include\CDatabaseName.h">
      <Filter>头文件</Filter>
    </ClInclude>
    <ClInclude Include="..\include\CDataCollection.h">
      <Filter>头文件</Filter>
    </ClInclude>
    <ClInclude Include="..\include\CDBSequence.h">
      <Filter>头文件</Filter>
    </ClInclude>
    <ClInclude Include="..\include\CEnzyme.h">
      <Filter>头文件</Filter>
    </ClInclude>
    <ClInclude Include="..\include\CEnzymeName.h">
      <Filter>头文件</Filter>
    </ClInclude>
    <ClInclude Include="..\include\CEnzymes.h">
      <Filter>头文件</Filter>
    </ClInclude>
    <ClInclude Include="..\include\CFileFormat.h">
      <Filter>头文件</Filter>
    </ClInclude>
    <ClInclude Include="..\include\CFragmentArray.h">
      <Filter>头文件</Filter>
    </ClInclude>
    <ClInclude Include="..\include\CFragmentation.h">
      <Filter>头文件</Filter>
    </ClInclude>
    <ClInclude Include="..\include\CFragmentationTable.h">
      <Filter>头文件</Filter>
    </ClInclude>
    <ClInclude Include="..\include\CFragmentTolerance.h">
      <Filter>头文件</Filter>
    </ClInclude>
    <ClInclude Include="..\include\CInputs.h">
      <Filter>头文件</Filter>
    </ClInclude>
    <ClInclude Include="..\include\CIonType.h">
      <Filter>头文件</Filter>
    </ClInclude>
    <ClInclude Include="..\include\CMassTable.h">
      <Filter>头文件</Filter>
    </ClInclude>
    <ClInclude Include="..\include\CMeasure.h">
      <Filter>头文件</Filter>
    </ClInclude>
    <ClInclude Include="..\include\CModification.h">
      <Filter>头文件</Filter>
    </ClInclude>
    <ClInclude Include="..\include\CModificationParams.h">
      <Filter>头文件</Filter>
    </ClInclude>
    <ClInclude Include="..\include\CMzIdentML.h">
      <Filter>头文件</Filter>
    </ClInclude>
    <ClInclude Include="..\include\COrganization.h">
      <Filter>头文件</Filter>
    </ClInclude>
    <ClInclude Include="..\include\CParent.h">
      <Filter>头文件</Filter>
    </ClInclude>
    <ClInclude Include="..\include\CParentTolerance.h">
      <Filter>头文件</Filter>
    </ClInclude>
    <ClInclude Include="..\include\CPeptide.h">
      <Filter>头文件</Filter>
    </ClInclude>
    <ClInclude Include="..\include\CPeptideEvidence.h">
      <Filter>头文件</Filter>
    </ClInclude>
    <ClInclude Include="..\include\CPeptideHypothesis.h">
      <Filter>头文件</Filter>
    </ClInclude>
    <ClInclude Include="..\include\CPerson.h">
      <Filter>头文件</Filter>
    </ClInclude>
    <ClInclude Include="..\include\CProteinAmbiguityGroup.h">
      <Filter>头文件</Filter>
    </ClInclude>
    <ClInclude Include="..\include\CProteinDetection.h">
      <Filter>头文件</Filter>
    </ClInclude>
    <ClInclude Include="..\include\CProteinDetectionHypothesis.h">
      <Filter>头文件</Filter>
    </ClInclude>
    <ClInclude Include="..\include\CProteinDetectionList.h">
      <Filter>头文件</Filter>
    </ClInclude>
    <ClInclude Include="..\include\CProteinDetectionProtocol.h">
      <Filter>头文件</Filter>
    </ClInclude>
    <ClInclude Include="..\include\CProvider.h">
      <Filter>头文件</Filter>
    </ClInclude>
    <ClInclude Include="..\include\CPSM.h">
      <Filter>头文件</Filter>
    </ClInclude>
    <ClInclude Include="..\include\crc32.h">
      <Filter>头文件</Filter>
    </ClInclude>
    <ClInclude Include="..\include\CResidue.h">
      <Filter>头文件</Filter>
    </ClInclude>
    <ClInclude Include="..\include\CRole.h">
      <Filter>头文件</Filter>
    </ClInclude>
    <ClInclude Include="..\include\CSearchDatabase.h">
      <Filter>头文件</Filter>
    </ClInclude>
    <ClInclude Include="..\include\CSearchModification.h">
      <Filter>头文件</Filter>
    </ClInclude>
    <ClInclude Include="..\include\CSearchType.h">
      <Filter>头文件</Filter>
    </ClInclude>
    <ClInclude Include="..\include\CSequenceCollection.h">
      <Filter>头文件</Filter>
    </ClInclude>
    <ClInclude Include="..\include\CSiteRegexp.h">
      <Filter>头文件</Filter>
    </ClInclude>
    <ClInclude Include="..\include\CSoftwareName.h">
      <Filter>头文件</Filter>
    </ClInclude>
    <ClInclude Include="..\include\CSourceFile.h">
      <Filter>头文件</Filter>
    </ClInclude>
    <ClInclude Include="..\include\CSpecificityRules.h">
      <Filter>头文件</Filter>
    </ClInclude>
    <ClInclude Include="..\include\CSpectraData.h">
      <Filter>头文件</Filter>
    </ClInclude>
    <ClInclude Include="..\include\CSpectrumIdentification.h">
      <Filter>头文件</Filter>
    </ClInclude>
    <ClInclude Include="..\include\CSpectrumIdentificationItem.h">
      <Filter>头文件</Filter>
    </ClInclude>
    <ClInclude Include="..\include\CSpectrumIdentificationList.h">
      <Filter>头文件</Filter>
    </ClInclude>
    <ClInclude Include="..\include\CSpectrumIdentificationProtocol.h">
      <Filter>头文件</Filter>
    </ClInclude>
    <ClInclude Include="..\include\CSpectrumIdentificationResult.h">
      <Filter>头文件</Filter>
    </ClInclude>
    <ClInclude Include="..\include\CSpectrumIDFormat.h">
      <Filter>头文件</Filter>
    </ClInclude>
    <ClInclude Include="..\include\CThreshold.h">
      <Filter>头文件</Filter>
    </ClInclude>
    <ClInclude Include="..\include\MSNumpress.hpp">
      <Filter>头文件</Filter>
    </ClInclude>
    <ClInclude Include="..\include\MSObject.h">
      <Filter>头文件</Filter>
    </ClInclude>
    <ClInclude Include="..\include\MSReader.h">
      <Filter>头文件</Filter>
    </ClInclude>
    <ClInclude Include="..\include\MSToolkitTypes.h">
      <Filter>头文件</Filter>
    </ClInclude>
    <ClInclude Include="..\include\mzIMLStructs.h">
      <Filter>头文件</Filter>
    </ClInclude>
    <ClInclude Include="..\include\mzIMLTools.h">
      <Filter>头文件</Filter>
    </ClInclude>
    <ClInclude Include="..\include\mzMLWriter.h">
      <Filter>头文件</Filter>
    </ClInclude>
    <ClInclude Include="..\include\mzParser.h">
      <Filter>头文件</Filter>
    </ClInclude>
    <ClInclude Include="..\include\nametab.h">
      <Filter>头文件</Filter>
    </ClInclude>
    <ClInclude Include="..\include\pepXMLWriter.h">
      <Filter>头文件</Filter>
    </ClInclude>
    <ClInclude Include="..\include\RAWReader.h">
      <Filter>头文件</Filter>
    </ClInclude>
    <ClInclude Include="..\include\Spectrum.h">
      <Filter>头文件</Filter>
    </ClInclude>
  </ItemGroup>
</Project>